
Microsoft Visual Studio Solution File, Format Version 12.00
# Visual Studio Version 17
VisualStudioVersion = 17.5.002.0
MinimumVisualStudioVersion = 10.0.40219.1
Project("{9A19103F-16F7-4668-BE54-9A1E7A4F7556}") = "KARTLEGGING_REPETISJON", "KARTLEGGING_REPETISJON.csproj", "{CD58A5F1-A972-4EB2-8C73-2E126987F16E}"
EndProject
Global
	GlobalSection(SolutionConfigurationPlatforms) = preSolution
		Debug|Any CPU = Debug|Any CPU
		Release|Any CPU = Release|Any CPU
	EndGlobalSection
	GlobalSection(ProjectConfigurationPlatforms) = postSolution
		{CD58A5F1-A972-4EB2-8C73-2E126987F16E}.Debug|Any CPU.ActiveCfg = Debug|Any CPU
		{CD58A5F1-A972-4EB2-8C73-2E126987F16E}.Debug|Any CPU.Build.0 = Debug|Any CPU
		{CD58A5F1-A972-4EB2-8C73-2E126987F16E}.Release|Any CPU.ActiveCfg = Release|Any CPU
		{CD58A5F1-A972-4EB2-8C73-2E126987F16E}.Release|Any CPU.Build.0 = Release|Any CPU
	EndGlobalSection
	GlobalSection(SolutionProperties) = preSolution
		HideSolutionNode = FALSE
	EndGlobalSection
	GlobalSection(ExtensibilityGlobals) = postSolution
		SolutionGuid = {85EEBF7D-4699-4DEC-90DC-669D131095D2}
	EndGlobalSection
EndGlobal
